
Microsoft Visual Studio Solution File, Format Version 12.00
# Visual Studio Version 17
VisualStudioVersion = 17.8.34330.188
MinimumVisualStudioVersion = 10.0.40219.1
Project("{FAE04EC0-301F-11D3-BF4B-00C04F79EFBC}") = "EFCore8_ComplexType", "EFCore8_ComplexType\EFCore8_ComplexType.csproj", "{AC85B381-F832-4024-B38C-11BD8C027A93}"
EndProject
Global
	GlobalSection(SolutionConfigurationPlatforms) = preSolution
		Debug|Any CPU = Debug|Any CPU
		Release|Any CPU = Release|Any CPU
	EndGlobalSection
	GlobalSection(ProjectConfigurationPlatforms) = postSolution
		{AC85B381-F832-4024-B38C-11BD8C027A93}.Debug|Any CPU.ActiveCfg = Debug|Any CPU
		{AC85B381-F832-4024-B38C-11BD8C027A93}.Debug|Any CPU.Build.0 = Debug|Any CPU
		{AC85B381-F832-4024-B38C-11BD8C027A93}.Release|Any CPU.ActiveCfg = Release|Any CPU
		{AC85B381-F832-4024-B38C-11BD8C027A93}.Release|Any CPU.Build.0 = Release|Any CPU
	EndGlobalSection
	GlobalSection(SolutionProperties) = preSolution
		HideSolutionNode = FALSE
	EndGlobalSection
	GlobalSection(ExtensibilityGlobals) = postSolution
		SolutionGuid = {FE482B0B-5653-4164-BCAF-E19973737E51}
	EndGlobalSection
EndGlobal
